// !$*UTF8*$!
{
	archiveVersion = 1;
	classes = {
	};
	objectVersion = 56;
	objects = {

/* Begin PBXBuildFile section */
		53A05E292B8569B700D3447B /* ElevenTenApp.swift in Sources */ = {isa = PBXBuildFile; fileRef = 53A05E282B8569B700D3447B /* ElevenTenApp.swift */; };
		53A05E2B2B8569B700D3447B /* ContentView.swift in Sources */ = {isa = PBXBuildFile; fileRef = 53A05E2A2B8569B700D3447B /* ContentView.swift */; };
		53A05E2D2B8569B800D3447B /* Assets.xcassets in Resources */ = {isa = PBXBuildFile; fileRef = 53A05E2C2B8569B800D3447B /* Assets.xcassets */; };
		53A05E302B8569B800D3447B /* Preview Assets.xcassets in Resources */ = {isa = PBXBuildFile; fileRef = 53A05E2F2B8569B800D3447B /* Preview Assets.xcassets */; };
		53A05E3A2B8569B800D3447B /* ElevenTenTests.swift in Sources */ = {isa = PBXBuildFile; fileRef = 53A05E392B8569B800D3447B /* ElevenTenTests.swift */; };
		53A05E442B8569B800D3447B /* ElevenTenUITests.swift in Sources */ = {isa = PBXBuildFile; fileRef = 53A05E432B8569B800D3447B /* ElevenTenUITests.swift */; };
		53A05E462B8569B800D3447B /* ElevenTenUITestsLaunchTests.swift in Sources */ = {isa = PBXBuildFile; fileRef = 53A05E452B8569B800D3447B /* ElevenTenUITestsLaunchTests.swift */; };
/* End PBXBuildFile section */

/* Begin PBXContainerItemProxy section */
		53A05E362B8569B800D3447B /* PBXContainerItemProxy */ = {
			isa = PBXContainerItemProxy;
			containerPortal = 53A05E1D2B8569B700D3447B /* Project object */;
			proxyType = 1;
			remoteGlobalIDString = 53A05E242B8569B700D3447B;
			remoteInfo = ElevenTen;
		};
		53A05E402B8569B800D3447B /* PBXContainerItemProxy */ = {
			isa = PBXContainerItemProxy;
			containerPortal = 53A05E1D2B8569B700D3447B /* Project object */;
			proxyType = 1;
			remoteGlobalIDString = 53A05E242B8569B700D3447B;
			remoteInfo = ElevenTen;
		};
/* End PBXContainerItemProxy section */

/* Begin PBXFileReference section */
		53A05E252B8569B700D3447B /* ElevenTen.app */ = {isa = PBXFileReference; explicitFileType = wrapper.application; includeInIndex = 0; path = ElevenTen.app; sourceTree = BUILT_PRODUCTS_DIR; };
		53A05E282B8569B700D3447B /* ElevenTenApp.swift */ = {isa = PBXFileReference; lastKnownFileType = sourcecode.swift; path = ElevenTenApp.swift; sourceTree = "<group>"; };
		53A05E2A2B8569B700D3447B /* ContentView.swift */ = {isa = PBXFileReference; lastKnownFileType = sourcecode.swift; path = ContentView.swift; sourceTree = "<group>"; };
		53A05E2C2B8569B800D3447B /* Assets.xcassets */ = {isa = PBXFileReference; lastKnownFileType = folder.assetcatalog; path = Assets.xcassets; sourceTree = "<group>"; };
		53A05E2F2B8569B800D3447B /* Preview Assets.xcassets */ = {isa = PBXFileReference; lastKnownFileType = folder.assetcatalog; path = "Preview Assets.xcassets"; sourceTree = "<group>"; };
		53A05E352B8569B800D3447B /* ElevenTenTests.xctest */ = {isa = PBXFileReference; explicitFileType = wrapper.cfbundle; includeInIndex = 0; path = ElevenTenTests.xctest; sourceTree = BUILT_PRODUCTS_DIR; };
		53A05E392B8569B800D3447B /* ElevenTenTests.swift */ = {isa = PBXFileReference; lastKnownFileType = sourcecode.swift; path = ElevenTenTests.swift; sourceTree = "<group>"; };
		53A05E3F2B8569B800D3447B /* ElevenTenUITests.xctest */ = {isa = PBXFileReference; explicitFileType = wrapper.cfbundle; includeInIndex = 0; path = ElevenTenUITests.xctest; sourceTree = BUILT_PRODUCTS_DIR; };
		53A05E432B8569B800D3447B /* ElevenTenUITests.swift */ = {isa = PBXFileReference; lastKnownFileType = sourcecode.swift; path = ElevenTenUITests.swift; sourceTree = "<group>"; };
		53A05E452B8569B800D3447B /* ElevenTenUITestsLaunchTests.swift */ = {isa = PBXFileReference; lastKnownFileType = sourcecode.swift; path = ElevenTenUITestsLaunchTests.swift; sourceTree = "<group>"; };
/* End PBXFileReference section */

/* Begin PBXFrameworksBuildPhase section */
		53A05E222B8569B700D3447B /* Frameworks */ = {
			isa = PBXFrameworksBuildPhase;
			buildActionMask = 2147483647;
			files = (
			);
			runOnlyForDeploymentPostprocessing = 0;
		};
		53A05E322B8569B800D3447B /* Frameworks */ = {
			isa = PBXFrameworksBuildPhase;
			buildActionMask = 2147483647;
			files = (
			);
			runOnlyForDeploymentPostprocessing = 0;
		};
		53A05E3C2B8569B800D3447B /* Frameworks */ = {
			isa = PBXFrameworksBuildPhase;
			buildActionMask = 2147483647;
			files = (
			);
			runOnlyForDeploymentPostprocessing = 0;
		};
/* End PBXFrameworksBuildPhase section */

/* Begin PBXGroup section */
		53A05E1C2B8569B700D3447B = {
			isa = PBXGroup;
			children = (
				53A05E272B8569B700D3447B /* ElevenTen */,
				53A05E382B8569B800D3447B /* ElevenTenTests */,
				53A05E422B8569B800D3447B /* ElevenTenUITests */,
				53A05E262B8569B700D3447B /* Products */,
			);
			sourceTree = "<group>";
		};
		53A05E262B8569B700D3447B /* Products */ = {
			isa = PBXGroup;
			children = (
				53A05E252B8569B700D3447B /* ElevenTen.app */,
				53A05E352B8569B800D3447B /* ElevenTenTests.xctest */,
				53A05E3F2B8569B800D3447B /* ElevenTenUITests.xctest */,
			);
			name = Products;
			sourceTree = "<group>";
		};
		53A05E272B8569B700D3447B /* ElevenTen */ = {
			isa = PBXGroup;
			children = (
				53A05E282B8569B700D3447B /* ElevenTenApp.swift */,
				53A05E2A2B8569B700D3447B /* ContentView.swift */,
				53A05E2C2B8569B800D3447B /* Assets.xcassets */,
				53A05E2E2B8569B800D3447B /* Preview Content */,
			);
			path = ElevenTen;
			sourceTree = "<group>";
		};
		53A05E2E2B8569B800D3447B /* Preview Content */ = {
			isa = PBXGroup;
			children = (
				53A05E2F2B8569B800D3447B /* Preview Assets.xcassets */,
			);
			path = "Preview Content";
			sourceTree = "<group>";
		};
		53A05E382B8569B800D3447B /* ElevenTenTests */ = {
			isa = PBXGroup;
			children = (
				53A05E392B8569B800D3447B /* ElevenTenTests.swift */,
			);
			path = ElevenTenTests;
			sourceTree = "<group>";
		};
		53A05E422B8569B800D3447B /* ElevenTenUITests */ = {
			isa = PBXGroup;
			children = (
				53A05E432B8569B800D3447B /* ElevenTenUITests.swift */,
				53A05E452B8569B800D3447B /* ElevenTenUITestsLaunchTests.swift */,
			);
			path = ElevenTenUITests;
			sourceTree = "<group>";
		};
/* End PBXGroup section */

/* Begin PBXNativeTarget section */
		53A05E242B8569B700D3447B /* ElevenTen */ = {
			isa = PBXNativeTarget;
			buildConfigurationList = 53A05E492B8569B800D3447B /* Build configuration list for PBXNativeTarget "ElevenTen" */;
			buildPhases = (
				53A05E212B8569B700D3447B /* Sources */,
				53A05E222B8569B700D3447B /* Frameworks */,
				53A05E232B8569B700D3447B /* Resources */,
			);
			buildRules = (
			);
			dependencies = (
			);
			name = ElevenTen;
			productName = ElevenTen;
			productReference = 53A05E252B8569B700D3447B /* ElevenTen.app */;
			productType = "com.apple.product-type.application";
		};
		53A05E342B8569B800D3447B /* ElevenTenTests */ = {
			isa = PBXNativeTarget;
			buildConfigurationList = 53A05E4C2B8569B800D3447B /* Build configuration list for PBXNativeTarget "ElevenTenTests" */;
			buildPhases = (
				53A05E312B8569B800D3447B /* Sources */,
				53A05E322B8569B800D3447B /* Frameworks */,
				53A05E332B8569B800D3447B /* Resources */,
			);
			buildRules = (
			);
			dependencies = (
				53A05E372B8569B800D3447B /* PBXTargetDependency */,
			);
			name = ElevenTenTests;
			productName = ElevenTenTests;
			productReference = 53A05E352B8569B800D3447B /* ElevenTenTests.xctest */;
			productType = "com.apple.product-type.bundle.unit-test";
		};
		53A05E3E2B8569B800D3447B /* ElevenTenUITests */ = {
			isa = PBXNativeTarget;
			buildConfigurationList = 53A05E4F2B8569B800D3447B /* Build configuration list for PBXNativeTarget "ElevenTenUITests" */;
			buildPhases = (
				53A05E3B2B8569B800D3447B /* Sources */,
				53A05E3C2B8569B800D3447B /* Frameworks */,
				53A05E3D2B8569B800D3447B /* Resources */,
			);
			buildRules = (
			);
			dependencies = (
				53A05E412B8569B800D3447B /* PBXTargetDependency */,
			);
			name = ElevenTenUITests;
			productName = ElevenTenUITests;
			productReference = 53A05E3F2B8569B800D3447B /* ElevenTenUITests.xctest */;
			productType = "com.apple.product-type.bundle.ui-testing";
		};
/* End PBXNativeTarget section */

/* Begin PBXProject section */
		53A05E1D2B8569B700D3447B /* Project object */ = {
			isa = PBXProject;
			attributes = {
				BuildIndependentTargetsInParallel = 1;
				LastSwiftUpdateCheck = 1520;
				LastUpgradeCheck = 1520;
				TargetAttributes = {
					53A05E242B8569B700D3447B = {
						CreatedOnToolsVersion = 15.2;
					};
					53A05E342B8569B800D3447B = {
						CreatedOnToolsVersion = 15.2;
						TestTargetID = 53A05E242B8569B700D3447B;
					};
					53A05E3E2B8569B800D3447B = {
						CreatedOnToolsVersion = 15.2;
						TestTargetID = 53A05E242B8569B700D3447B;
					};
				};
			};
			buildConfigurationList = 53A05E202B8569B700D3447B /* Build configuration list for PBXProject "ElevenTen" */;
			compatibilityVersion = "Xcode 14.0";
			developmentRegion = en;
			hasScannedForEncodings = 0;
			knownRegions = (
				en,
				Base,
			);
			mainGroup = 53A05E1C2B8569B700D3447B;
			productRefGroup = 53A05E262B8569B700D3447B /* Products */;
			projectDirPath = "";
			projectRoot = "";
			targets = (
				53A05E242B8569B700D3447B /* ElevenTen */,
				53A05E342B8569B800D3447B /* ElevenTenTests */,
				53A05E3E2B8569B800D3447B /* ElevenTenUITests */,
			);
		};
/* End PBXProject section */

/* Begin PBXResourcesBuildPhase section */
		53A05E232B8569B700D3447B /* Resources */ = {
			isa = PBXResourcesBuildPhase;
			buildActionMask = 2147483647;
			files = (
				53A05E302B8569B800D3447B /* Preview Assets.xcassets in Resources */,
				53A05E2D2B8569B800D3447B /* Assets.xcassets in Resources */,
			);
			runOnlyForDeploymentPostprocessing = 0;
		};
		53A05E332B8569B800D3447B /* Resources */ = {
			isa = PBXResourcesBuildPhase;
			buildActionMask = 2147483647;
			files = (
			);
			runOnlyForDeploymentPostprocessing = 0;
		};
		53A05E3D2B8569B800D3447B /* Resources */ = {
			isa = PBXResourcesBuildPhase;
			buildActionMask = 2147483647;
			files = (
			);
			runOnlyForDeploymentPostprocessing = 0;
		};
/* End PBXResourcesBuildPhase section */

/* Begin PBXSourcesBuildPhase section */
		53A05E212B8569B700D3447B /* Sources */ = {
			isa = PBXSourcesBuildPhase;
			buildActionMask = 2147483647;
			files = (
				53A05E2B2B8569B700D3447B /* ContentView.swift in Sources */,
				53A05E292B8569B700D3447B /* ElevenTenApp.swift in Sources */,
			);
			runOnlyForDeploymentPostprocessing = 0;
		};
		53A05E312B8569B800D3447B /* Sources */ = {
			isa = PBXSourcesBuildPhase;
			buildActionMask = 2147483647;
			files = (
				53A05E3A2B8569B800D3447B /* ElevenTenTests.swift in Sources */,
			);
			runOnlyForDeploymentPostprocessing = 0;
		};
		53A05E3B2B8569B800D3447B /* Sources */ = {
			isa = PBXSourcesBuildPhase;
			buildActionMask = 2147483647;
			files = (
				53A05E442B8569B800D3447B /* ElevenTenUITests.swift in Sources */,
				53A05E462B8569B800D3447B /* ElevenTenUITestsLaunchTests.swift in Sources */,
			);
			runOnlyForDeploymentPostprocessing = 0;
		};
/* End PBXSourcesBuildPhase section */

/* Begin PBXTargetDependency section */
		53A05E372B8569B800D3447B /* PBXTargetDependency */ = {
			isa = PBXTargetDependency;
			target = 53A05E242B8569B700D3447B /* ElevenTen */;
			targetProxy = 53A05E362B8569B800D3447B /* PBXContainerItemProxy */;
		};
		53A05E412B8569B800D3447B /* PBXTargetDependency */ = {
			isa = PBXTargetDependency;
			target = 53A05E242B8569B700D3447B /* ElevenTen */;
			targetProxy = 53A05E402B8569B800D3447B /* PBXContainerItemProxy */;
		};
/* End PBXTargetDependency section */

/* Begin XCBuildConfiguration section */
		53A05E472B8569B800D3447B /* Debug */ = {
			isa = XCBuildConfiguration;
			buildSettings = {
				ALWAYS_SEARCH_USER_PATHS = NO;
				ASSETCATALOG_COMPILER_GENERATE_SWIFT_ASSET_SYMBOL_EXTENSIONS = YES;
				CLANG_ANALYZER_NONNULL = YES;
				CLANG_ANALYZER_NUMBER_OBJECT_CONVERSION = YES_AGGRESSIVE;
				CLANG_CXX_LANGUAGE_STANDARD = "gnu++20";
				CLANG_ENABLE_MODULES = YES;
				CLANG_ENABLE_OBJC_ARC = YES;
				CLANG_ENABLE_OBJC_WEAK = YES;
				CLANG_WARN_BLOCK_CAPTURE_AUTORELEASING = YES;
				CLANG_WARN_BOOL_CONVERSION = YES;
				CLANG_WARN_COMMA = YES;
				CLANG_WARN_CONSTANT_CONVERSION = YES;
				CLANG_WARN_DEPRECATED_OBJC_IMPLEMENTATIONS = YES;
				CLANG_WARN_DIRECT_OBJC_ISA_USAGE = YES_ERROR;
				CLANG_WARN_DOCUMENTATION_COMMENTS = YES;
				CLANG_WARN_EMPTY_BODY = YES;
				CLANG_WARN_ENUM_CONVERSION = YES;
				CLANG_WARN_INFINITE_RECURSION = YES;
				CLANG_WARN_INT_CONVERSION = YES;
				CLANG_WARN_NON_LITERAL_NULL_CONVERSION = YES;
				CLANG_WARN_OBJC_IMPLICIT_RETAIN_SELF = YES;
				CLANG_WARN_OBJC_LITERAL_CONVERSION = YES;
				CLANG_WARN_OBJC_ROOT_CLASS = YES_ERROR;
				CLANG_WARN_QUOTED_INCLUDE_IN_FRAMEWORK_HEADER = YES;
				CLANG_WARN_RANGE_LOOP_ANALYSIS = YES;
				CLANG_WARN_STRICT_PROTOTYPES = YES;
				CLANG_WARN_SUSPICIOUS_MOVE = YES;
				CLANG_WARN_UNGUARDED_AVAILABILITY = YES_AGGRESSIVE;
				CLANG_WARN_UNREACHABLE_CODE = YES;
				CLANG_WARN__DUPLICATE_METHOD_MATCH = YES;
				COPY_PHASE_STRIP = NO;
				DEBUG_INFORMATION_FORMAT = dwarf;
				ENABLE_STRICT_OBJC_MSGSEND = YES;
				ENABLE_TESTABILITY = YES;
				ENABLE_USER_SCRIPT_SANDBOXING = YES;
				GCC_C_LANGUAGE_STANDARD = gnu17;
				GCC_DYNAMIC_NO_PIC = NO;
				GCC_NO_COMMON_BLOCKS = YES;
				GCC_OPTIMIZATION_LEVEL = 0;
				GCC_PREPROCESSOR_DEFINITIONS = (
					"DEBUG=1",
					"$(inherited)",
				);
				GCC_WARN_64_TO_32_BIT_CONVERSION = YES;
				GCC_WARN_ABOUT_RETURN_TYPE = YES_ERROR;
				GCC_WARN_UNDECLARED_SELECTOR = YES;
				GCC_WARN_UNINITIALIZED_AUTOS = YES_AGGRESSIVE;
				GCC_WARN_UNUSED_FUNCTION = YES;
				GCC_WARN_UNUSED_VARIABLE = YES;
				IPHONEOS_DEPLOYMENT_TARGET = 17.2;
				LOCALIZATION_PREFERS_STRING_CATALOGS = YES;
				MTL_ENABLE_DEBUG_INFO = INCLUDE_SOURCE;
				MTL_FAST_MATH = YES;
				ONLY_ACTIVE_ARCH = YES;
				SDKROOT = iphoneos;
				SWIFT_ACTIVE_COMPILATION_CONDITIONS = "DEBUG $(inherited)";
				SWIFT_OPTIMIZATION_LEVEL = "-Onone";
			};
			name = Debug;
		};
		53A05E482B8569B800D3447B /* Release */ = {
			isa = XCBuildConfiguration;
			buildSettings = {
				ALWAYS_SEARCH_USER_PATHS = NO;
				ASSETCATALOG_COMPILER_GENERATE_SWIFT_ASSET_SYMBOL_EXTENSIONS = YES;
				CLANG_ANALYZER_NONNULL = YES;
				CLANG_ANALYZER_NUMBER_OBJECT_CONVERSION = YES_AGGRESSIVE;
				CLANG_CXX_LANGUAGE_STANDARD = "gnu++20";
				CLANG_ENABLE_MODULES = YES;
				CLANG_ENABLE_OBJC_ARC = YES;
				CLANG_ENABLE_OBJC_WEAK = YES;
				CLANG_WARN_BLOCK_CAPTURE_AUTORELEASING = YES;
				CLANG_WARN_BOOL_CONVERSION = YES;
				CLANG_WARN_COMMA = YES;
				CLANG_WARN_CONSTANT_CONVERSION = YES;
				CLANG_WARN_DEPRECATED_OBJC_IMPLEMENTATIONS = YES;
				CLANG_WARN_DIRECT_OBJC_ISA_USAGE = YES_ERROR;
				CLANG_WARN_DOCUMENTATION_COMMENTS = YES;
				CLANG_WARN_EMPTY_BODY = YES;
				CLANG_WARN_ENUM_CONVERSION = YES;
				CLANG_WARN_INFINITE_RECURSION = YES;
				CLANG_WARN_INT_CONVERSION = YES;
				CLANG_WARN_NON_LITERAL_NULL_CONVERSION = YES;
				CLANG_WARN_OBJC_IMPLICIT_RETAIN_SELF = YES;
				CLANG_WARN_OBJC_LITERAL_CONVERSION = YES;
				CLANG_WARN_OBJC_ROOT_CLASS = YES_ERROR;
				CLANG_WARN_QUOTED_INCLUDE_IN_FRAMEWORK_HEADER = YES;
				CLANG_WARN_RANGE_LOOP_ANALYSIS = YES;
				CLANG_WARN_STRICT_PROTOTYPES = YES;
				CLANG_WARN_SUSPICIOUS_MOVE = YES;
				CLANG_WARN_UNGUARDED_AVAILABILITY = YES_AGGRESSIVE;
				CLANG_WARN_UNREACHABLE_CODE = YES;
				CLANG_WARN__DUPLICATE_METHOD_MATCH = YES;
				COPY_PHASE_STRIP = NO;
				DEBUG_INFORMATION_FORMAT = "dwarf-with-dsym";
				ENABLE_NS_ASSERTIONS = NO;
				ENABLE_STRICT_OBJC_MSGSEND = YES;
				ENABLE_USER_SCRIPT_SANDBOXING = YES;
				GCC_C_LANGUAGE_STANDARD = gnu17;
				GCC_NO_COMMON_BLOCKS = YES;
				GCC_WARN_64_TO_32_BIT_CONVERSION = YES;
				GCC_WARN_ABOUT_RETURN_TYPE = YES_ERROR;
				GCC_WARN_UNDECLARED_SELECTOR = YES;
				GCC_WARN_UNINITIALIZED_AUTOS = YES_AGGRESSIVE;
				GCC_WARN_UNUSED_FUNCTION = YES;
				GCC_WARN_UNUSED_VARIABLE = YES;
				IPHONEOS_DEPLOYMENT_TARGET = 17.2;
				LOCALIZATION_PREFERS_STRING_CATALOGS = YES;
				MTL_ENABLE_DEBUG_INFO = NO;
				MTL_FAST_MATH = YES;
				SDKROOT = iphoneos;
				SWIFT_COMPILATION_MODE = wholemodule;
				VALIDATE_PRODUCT = YES;
			};
			name = Release;
		};
		53A05E4A2B8569B800D3447B /* Debug */ = {
			isa = XCBuildConfiguration;
			buildSettings = {
				ASSETCATALOG_COMPILER_APPICON_NAME = AppIcon;
				ASSETCATALOG_COMPILER_GLOBAL_ACCENT_COLOR_NAME = AccentColor;
				CODE_SIGN_STYLE = Automatic;
				CURRENT_PROJECT_VERSION = 1;
				DEVELOPMENT_ASSET_PATHS = "\"ElevenTen/Preview Content\"";
				DEVELOPMENT_TEAM = VQV99RZ38F;
				ENABLE_PREVIEWS = YES;
				GENERATE_INFOPLIST_FILE = YES;
				INFOPLIST_KEY_UIApplicationSceneManifest_Generation = YES;
				INFOPLIST_KEY_UIApplicationSupportsIndirectInputEvents = YES;
				INFOPLIST_KEY_UILaunchScreen_Generation = YES;
				INFOPLIST_KEY_UISupportedInterfaceOrientations_iPad = "UIInterfaceOrientationPortrait UIInterfaceOrientationPortraitUpsideDown UIInterfaceOrientationLandscapeLeft UIInterfaceOrientationLandscapeRight";
				INFOPLIST_KEY_UISupportedInterfaceOrientations_iPhone = "UIInterfaceOrientationPortrait UIInterfaceOrientationLandscapeLeft UIInterfaceOrientationLandscapeRight";
				LD_RUNPATH_SEARCH_PATHS = (
					"$(inherited)",
					"@executable_path/Frameworks",
				);
				MARKETING_VERSION = 1.0;
				PRODUCT_BUNDLE_IDENTIFIER = inc.eleventen.ElevenTen;
				PRODUCT_NAME = "$(TARGET_NAME)";
				SWIFT_EMIT_LOC_STRINGS = YES;
				SWIFT_VERSION = 5.0;
				TARGETED_DEVICE_FAMILY = "1,2";
			};
			name = Debug;
		};
		53A05E4B2B8569B800D3447B /* Release */ = {
			isa = XCBuildConfiguration;
			buildSettings = {
				ASSETCATALOG_COMPILER_APPICON_NAME = AppIcon;
				ASSETCATALOG_COMPILER_GLOBAL_ACCENT_COLOR_NAME = AccentColor;
				CODE_SIGN_STYLE = Automatic;
				CURRENT_PROJECT_VERSION = 1;
				DEVELOPMENT_ASSET_PATHS = "\"ElevenTen/Preview Content\"";
				DEVELOPMENT_TEAM = VQV99RZ38F;
				ENABLE_PREVIEWS = YES;
				GENERATE_INFOPLIST_FILE = YES;
				INFOPLIST_KEY_UIApplicationSceneManifest_Generation = YES;
				INFOPLIST_KEY_UIApplicationSupportsIndirectInputEvents = YES;
				INFOPLIST_KEY_UILaunchScreen_Generation = YES;
				INFOPLIST_KEY_UISupportedInterfaceOrientations_iPad = "UIInterfaceOrientationPortrait UIInterfaceOrientationPortraitUpsideDown UIInterfaceOrientationLandscapeLeft UIInterfaceOrientationLandscapeRight";
				INFOPLIST_KEY_UISupportedInterfaceOrientations_iPhone = "UIInterfaceOrientationPortrait UIInterfaceOrientationLandscapeLeft UIInterfaceOrientationLandscapeRight";
				LD_RUNPATH_SEARCH_PATHS = (
					"$(inherited)",
					"@executable_path/Frameworks",
				);
				MARKETING_VERSION = 1.0;
				PRODUCT_BUNDLE_IDENTIFIER = inc.eleventen.ElevenTen;
				PRODUCT_NAME = "$(TARGET_NAME)";
				SWIFT_EMIT_LOC_STRINGS = YES;
				SWIFT_VERSION = 5.0;
				TARGETED_DEVICE_FAMILY = "1,2";
			};
			name = Release;
		};
		53A05E4D2B8569B800D3447B /* Debug */ = {
			isa = XCBuildConfiguration;
			buildSettings = {
				ALWAYS_EMBED_SWIFT_STANDARD_LIBRARIES = YES;
				BUNDLE_LOADER = "$(TEST_HOST)";
				CODE_SIGN_STYLE = Automatic;
				CURRENT_PROJECT_VERSION = 1;
				DEVELOPMENT_TEAM = VQV99RZ38F;
				GENERATE_INFOPLIST_FILE = YES;
				IPHONEOS_DEPLOYMENT_TARGET = 17.2;
				MARKETING_VERSION = 1.0;
				PRODUCT_BUNDLE_IDENTIFIER = inc.eleventen.ElevenTenTests;
				PRODUCT_NAME = "$(TARGET_NAME)";
				SWIFT_EMIT_LOC_STRINGS = NO;
				SWIFT_VERSION = 5.0;
				TARGETED_DEVICE_FAMILY = "1,2";
				TEST_HOST = "$(BUILT_PRODUCTS_DIR)/ElevenTen.app/$(BUNDLE_EXECUTABLE_FOLDER_PATH)/ElevenTen";
			};
			name = Debug;
		};
		53A05E4E2B8569B800D3447B /* Release */ = {
			isa = XCBuildConfiguration;
			buildSettings = {
				ALWAYS_EMBED_SWIFT_STANDARD_LIBRARIES = YES;
				BUNDLE_LOADER = "$(TEST_HOST)";
				CODE_SIGN_STYLE = Automatic;
				CURRENT_PROJECT_VERSION = 1;
				DEVELOPMENT_TEAM = VQV99RZ38F;
				GENERATE_INFOPLIST_FILE = YES;
				IPHONEOS_DEPLOYMENT_TARGET = 17.2;
				MARKETING_VERSION = 1.0;
				PRODUCT_BUNDLE_IDENTIFIER = inc.eleventen.ElevenTenTests;
				PRODUCT_NAME = "$(TARGET_NAME)";
				SWIFT_EMIT_LOC_STRINGS = NO;
				SWIFT_VERSION = 5.0;
				TARGETED_DEVICE_FAMILY = "1,2";
				TEST_HOST = "$(BUILT_PRODUCTS_DIR)/ElevenTen.app/$(BUNDLE_EXECUTABLE_FOLDER_PATH)/ElevenTen";
			};
			name = Release;
		};
		53A05E502B8569B800D3447B /* Debug */ = {
			isa = XCBuildConfiguration;
			buildSettings = {
				ALWAYS_EMBED_SWIFT_STANDARD_LIBRARIES = YES;
				CODE_SIGN_STYLE = Automatic;
				CURRENT_PROJECT_VERSION = 1;
				DEVELOPMENT_TEAM = VQV99RZ38F;
				GENERATE_INFOPLIST_FILE = YES;
				MARKETING_VERSION = 1.0;
				PRODUCT_BUNDLE_IDENTIFIER = inc.eleventen.ElevenTenUITests;
				PRODUCT_NAME = "$(TARGET_NAME)";
				SWIFT_EMIT_LOC_STRINGS = NO;
				SWIFT_VERSION = 5.0;
				TARGETED_DEVICE_FAMILY = "1,2";
				TEST_TARGET_NAME = ElevenTen;
			};
			name = Debug;
		};
		53A05E512B8569B800D3447B /* Release */ = {
			isa = XCBuildConfiguration;
			buildSettings = {
				ALWAYS_EMBED_SWIFT_STANDARD_LIBRARIES = YES;
				CODE_SIGN_STYLE = Automatic;
				CURRENT_PROJECT_VERSION = 1;
				DEVELOPMENT_TEAM = VQV99RZ38F;
				GENERATE_INFOPLIST_FILE = YES;
				MARKETING_VERSION = 1.0;
				PRODUCT_BUNDLE_IDENTIFIER = inc.eleventen.ElevenTenUITests;
				PRODUCT_NAME = "$(TARGET_NAME)";
				SWIFT_EMIT_LOC_STRINGS = NO;
				SWIFT_VERSION = 5.0;
				TARGETED_DEVICE_FAMILY = "1,2";
				TEST_TARGET_NAME = ElevenTen;
			};
			name = Release;
		};
/* End XCBuildConfiguration section */

/* Begin XCConfigurationList section */
		53A05E202B8569B700D3447B /* Build configuration list for PBXProject "ElevenTen" */ = {
			isa = XCConfigurationList;
			buildConfigurations = (
				53A05E472B8569B800D3447B /* Debug */,
				53A05E482B8569B800D3447B /* Release */,
			);
			defaultConfigurationIsVisible = 0;
			defaultConfigurationName = Release;
		};
		53A05E492B8569B800D3447B /* Build configuration list for PBXNativeTarget "ElevenTen" */ = {
			isa = XCConfigurationList;
			buildConfigurations = (
				53A05E4A2B8569B800D3447B /* Debug */,
				53A05E4B2B8569B800D3447B /* Release */,
			);
			defaultConfigurationIsVisible = 0;
			defaultConfigurationName = Release;
		};
		53A05E4C2B8569B800D3447B /* Build configuration list for PBXNativeTarget "ElevenTenTests" */ = {
			isa = XCConfigurationList;
			buildConfigurations = (
				53A05E4D2B8569B800D3447B /* Debug */,
				53A05E4E2B8569B800D3447B /* Release */,
			);
			defaultConfigurationIsVisible = 0;
			defaultConfigurationName = Release;
		};
		53A05E4F2B8569B800D3447B /* Build configuration list for PBXNativeTarget "ElevenTenUITests" */ = {
			isa = XCConfigurationList;
			buildConfigurations = (
				53A05E502B8569B800D3447B /* Debug */,
				53A05E512B8569B800D3447B /* Release */,
			);
			defaultConfigurationIsVisible = 0;
			defaultConfigurationName = Release;
		};
/* End XCConfigurationList section */
	};
	rootObject = 53A05E1D2B8569B700D3447B /* Project object */;
}
